PODS:
  - Alamofire (5.0.0-beta.6)
  - BigInt (3.0.0):
    - SipHash (~> 1.2)
  - CryptoSwift (0.9.0)
  - GRKOpenSSLFramework (1.0.2.16)
  - MBProgressHUD (1.1.0)
  - PureLayout (3.1.4)
  - SipHash (1.2.2)
  - TokenCore (0.1):
    - BigInt (= 3.0.0)
    - CryptoSwift (= 0.9.0)
    - GRKOpenSSLFramework

DEPENDENCIES:
  - Alamofire (~> 5.0.0-beta.6)
  - MBProgressHUD (~> 1.1.0)
  - PureLayout
  - TokenCore (from `https://github.com/vankiaio/token-core-ios.git`)

SPEC REPOS:
  https://github.com/cocoapods/specs.git:
    - Alamofire
    - BigInt
    - CryptoSwift
    - GRKOpenSSLFramework
    - MBProgressHUD
    - PureLayout
    - SipHash

EXTERNAL SOURCES:
  TokenCore:
    :git: https://github.com/vankiaio/token-core-ios.git

CHECKOUT OPTIONS:
  TokenCore:
    :commit: 14cb5f3dcf6ff77ec7b35aad8b48d55e861130fb
    :git: https://github.com/vankiaio/token-core-ios.git

SPEC CHECKSUMS:
  Alamofire: cd08a4402bd12cacd0c66f23fb12fec8d6b965e4
  BigInt: a7864bcecd2976bced91963baef90079dbdcca25
  CryptoSwift: bca8c5b653dcc2d9734409242a070ff53bafac86
  GRKOpenSSLFramework: 35944e317e6336b2944ad70b059d84db6b2d8532
  MBProgressHUD: e7baa36a220447d8aeb12769bf0585582f3866d9
  PureLayout: f08c01b8dec00bb14a1fefa3de4c7d9c265df85e
  SipHash: fad90a4683e420c52ef28063063dbbce248ea6d4
  TokenCore: ddbea2578a2b091c8429a9b9671460b5e22a56c4

PODFILE CHECKSUM: 8d0035c1f0d1429d40bac59d5059f2f533bce968

COCOAPODS: 1.5.2
