PODS:
  - BigInt (3.0.0):
    - SipHash (~> 1.2)
  - CryptoSwift (1.0.0)
  - GRKOpenSSLFramework (1.0.2.16)
  - SipHash (1.2.2)
  - SwiftLint (0.32.0)

DEPENDENCIES:
  - BigInt (= 3.0.0)
  - CryptoSwift (>= 0.10.0)
  - GRKOpenSSLFramework
  - SwiftLint

SPEC REPOS:
  https://github.com/cocoapods/specs.git:
    - BigInt
    - CryptoSwift
    - GRKOpenSSLFramework
    - SipHash
    - SwiftLint

SPEC CHECKSUMS:
  BigInt: a7864bcecd2976bced91963baef90079dbdcca25
  CryptoSwift: d81eeaa59dc5a8d03720fe919a6fd07b51f7439f
  GRKOpenSSLFramework: 35944e317e6336b2944ad70b059d84db6b2d8532
  SipHash: fad90a4683e420c52ef28063063dbbce248ea6d4
  SwiftLint: 009a898ef2a1c851f45e1b59349bf6ff2ddc990d

PODFILE CHECKSUM: 09216d093d2b0735356766f1b476d7b7d14cb574

COCOAPODS: 1.6.1
